{"consumption_state":"NON_CONFIRMATORY_METHOD_DEV_COMPLETE","declared_pack_sha256":"19acc83532b53a103da350fa37d82b724e9aa929778bcea43940d96b7ccdb5a2","manifest_sha256":"d0280f7d8fbfa397651adebc13210ed70d3e86030afdf61bd3170a379404728f","observed_pack_sha256":"19acc83532b53a103da350fa37d82b724e9aa929778bcea43940d96b7ccdb5a2","output_identity_sha256":"ac5c59fd17c138620aa133d049a0c4a53810ca93e6d46f4904f46e9a2eef1cf3","output_sha256":"25b345eb3233b7d82d684b355d7d12ba41efa75577870e89afa35e05408094b7","pack_bytes_opened":true,"pack_path_identity_sha256":"0657e0272ff831f6843149349cc770cf65ac8e47a951aed8b48159f51851cf62","report_outcomes_opened":false,"schema_version":"chelatedai.bcc1.lock.v1","state":"METHOD_DEV_COMPLETE"}
